
Microsoft Visual Studio Solution File, Format Version 12.00
# Visual Studio Version 17
VisualStudioVersion = 17.12.35527.113
MinimumVisualStudioVersion = 10.0.40219.1
Project("{FAE04EC0-301F-11D3-BF4B-00C04F79EFBC}") = "InstitutoCristoRey", "InstitutoCristoRey\InstitutoCristoRey.csproj", "{6EE40075-73A0-4FA1-9C6F-841810D03528}"
EndProject
Project("{FAE04EC0-301F-11D3-BF4B-00C04F79EFBC}") = "DOMINIO", "DOMINIO\DOMINIO.csproj", "{0C28F6D4-0DA7-4D3F-BADC-6345EBA12854}"
EndProject
Project("{FAE04EC0-301F-11D3-BF4B-00C04F79EFBC}") = "Negocio", "Negocio\Negocio.csproj", "{C9ADE16F-A9CF-447B-BC67-541E5F86868C}"
EndProject
Global
	GlobalSection(SolutionConfigurationPlatforms) = preSolution
		Debug|Any CPU = Debug|Any CPU
		Release|Any CPU = Release|Any CPU
	EndGlobalSection
	GlobalSection(ProjectConfigurationPlatforms) = postSolution
		{6EE40075-73A0-4FA1-9C6F-841810D03528}.Debug|Any CPU.ActiveCfg = Debug|Any CPU
		{6EE40075-73A0-4FA1-9C6F-841810D03528}.Debug|Any CPU.Build.0 = Debug|Any CPU
		{6EE40075-73A0-4FA1-9C6F-841810D03528}.Release|Any CPU.ActiveCfg = Release|Any CPU
		{6EE40075-73A0-4FA1-9C6F-841810D03528}.Release|Any CPU.Build.0 = Release|Any CPU
		{0C28F6D4-0DA7-4D3F-BADC-6345EBA12854}.Debug|Any CPU.ActiveCfg = Debug|Any CPU
		{0C28F6D4-0DA7-4D3F-BADC-6345EBA12854}.Debug|Any CPU.Build.0 = Debug|Any CPU
		{0C28F6D4-0DA7-4D3F-BADC-6345EBA12854}.Release|Any CPU.ActiveCfg = Release|Any CPU
		{0C28F6D4-0DA7-4D3F-BADC-6345EBA12854}.Release|Any CPU.Build.0 = Release|Any CPU
		{C9ADE16F-A9CF-447B-BC67-541E5F86868C}.Debug|Any CPU.ActiveCfg = Debug|Any CPU
		{C9ADE16F-A9CF-447B-BC67-541E5F86868C}.Debug|Any CPU.Build.0 = Debug|Any CPU
		{C9ADE16F-A9CF-447B-BC67-541E5F86868C}.Release|Any CPU.ActiveCfg = Release|Any CPU
		{C9ADE16F-A9CF-447B-BC67-541E5F86868C}.Release|Any CPU.Build.0 = Release|Any CPU
	EndGlobalSection
	GlobalSection(SolutionProperties) = preSolution
		HideSolutionNode = FALSE
	EndGlobalSection
EndGlobal
